
Microsoft Visual Studio Solution File, Format Version 12.00
# Visual Studio 2013
VisualStudioVersion = 12.0.30723.0
MinimumVisualStudioVersion = 10.0.40219.1
Project("{FAE04EC0-301F-11D3-BF4B-00C04F79EFBC}") = "SlightPenLighter", "SlightPenLighter.csproj", "{B7CEA230-C627-45FE-8B84-2A436A2C597C}"
EndProject
Global
	GlobalSection(SolutionConfigurationPlatforms) = preSolution
		Debug|Any CPU = Debug|Any CPU
		Release|Any CPU = Release|Any CPU
	EndGlobalSection
	GlobalSection(ProjectConfigurationPlatforms) = postSolution
		{B7CEA230-C627-45FE-8B84-2A436A2C597C}.Debug|Any CPU.ActiveCfg = Debug|Any CPU
		{B7CEA230-C627-45FE-8B84-2A436A2C597C}.Debug|Any CPU.Build.0 = Debug|Any CPU
		{B7CEA230-C627-45FE-8B84-2A436A2C597C}.Release|Any CPU.ActiveCfg = Debug|Any CPU
		{B7CEA230-C627-45FE-8B84-2A436A2C597C}.Release|Any CPU.Build.0 = Debug|Any CPU
	EndGlobalSection
	GlobalSection(SolutionProperties) = preSolution
		HideSolutionNode = FALSE
	EndGlobalSection
EndGlobal
